Microsoft Visual Studio Solution File, Format Version 12.00
# Visual Studio Version 17
VisualStudioVersion = 17.5.2.0
MinimumVisualStudioVersion = 10.0.40219.1
Project("{FAE04EC0-301F-11D3-BF4B-00C04F79EFBC}") = "ChampionManager25", "ChampionManager25.csproj", "{609EB7ED-90E0-AAA8-00B4-4E577C31862A}"
EndProject
Global
	GlobalSection(SolutionConfigurationPlatforms) = preSolution
		Debug|Any CPU = Debug|Any CPU
		Release|Any CPU = Release|Any CPU
	EndGlobalSection
	GlobalSection(ProjectConfigurationPlatforms) = postSolution
		{609EB7ED-90E0-AAA8-00B4-4E577C31862A}.Debug|Any CPU.ActiveCfg = Debug|Any CPU
		{609EB7ED-90E0-AAA8-00B4-4E577C31862A}.Debug|Any CPU.Build.0 = Debug|Any CPU
		{609EB7ED-90E0-AAA8-00B4-4E577C31862A}.Release|Any CPU.ActiveCfg = Release|Any CPU
		{609EB7ED-90E0-AAA8-00B4-4E577C31862A}.Release|Any CPU.Build.0 = Release|Any CPU
	EndGlobalSection
	GlobalSection(SolutionProperties) = preSolution
		HideSolutionNode = FALSE
	EndGlobalSection
	GlobalSection(ExtensibilityGlobals) = postSolution
		SolutionGuid = {25AB761C-301C-49EA-8549-4C57ECCCEF72}
	EndGlobalSection
EndGlobal
